
Microsoft Visual Studio Solution File, Format Version 12.00
# Visual Studio Version 17
VisualStudioVersion = 17.9.34701.34
MinimumVisualStudioVersion = 10.0.40219.1
Project("{9A19103F-16F7-4668-BE54-9A1E7A4F7556}") = "DesignPattern", "DesignPattern\DesignPattern.csproj", "{229292D4-827C-46B1-8B2F-1E33E5FDA135}"
EndProject
Project("{9A19103F-16F7-4668-BE54-9A1E7A4F7556}") = "DesignPatterns", "DesignPatterns\DesignPatterns.csproj", "{62AEA77C-FA79-4B3F-B5C4-987FA9639A45}"
EndProject
Project("{9A19103F-16F7-4668-BE54-9A1E7A4F7556}") = "Memento", "Memento\Memento.csproj", "{604BA4E3-DBF2-415E-8AC9-79D4C1ABCC58}"
EndProject
Project("{9A19103F-16F7-4668-BE54-9A1E7A4F7556}") = "UndoableCommand", "UndoableCommand\UndoableCommand.csproj", "{F3352CE8-7FF1-48DB-A432-2417E89B43A2}"
EndProject
Project("{9A19103F-16F7-4668-BE54-9A1E7A4F7556}") = "Template", "Template\Template.csproj", "{60E37A16-D15F-4893-B2A2-019791AE35F7}"
EndProject
Project("{9A19103F-16F7-4668-BE54-9A1E7A4F7556}") = "ObserverDP", "ObserverDP\ObserverDP.csproj", "{BBB1873E-002B-4C06-A265-45BE7E4CC771}"
EndProject
Project("{FAE04EC0-301F-11D3-BF4B-00C04F79EFBC}") = "Mediator", "Mediator\Mediator.csproj", "{D072319A-254F-48C3-A330-A85CF6F387F2}"
EndProject
Global
	GlobalSection(SolutionConfigurationPlatforms) = preSolution
		Debug|Any CPU = Debug|Any CPU
		Release|Any CPU = Release|Any CPU
	EndGlobalSection
	GlobalSection(ProjectConfigurationPlatforms) = postSolution
		{229292D4-827C-46B1-8B2F-1E33E5FDA135}.Debug|Any CPU.ActiveCfg = Debug|Any CPU
		{229292D4-827C-46B1-8B2F-1E33E5FDA135}.Debug|Any CPU.Build.0 = Debug|Any CPU
		{229292D4-827C-46B1-8B2F-1E33E5FDA135}.Release|Any CPU.ActiveCfg = Release|Any CPU
		{229292D4-827C-46B1-8B2F-1E33E5FDA135}.Release|Any CPU.Build.0 = Release|Any CPU
		{62AEA77C-FA79-4B3F-B5C4-987FA9639A45}.Debug|Any CPU.ActiveCfg = Debug|Any CPU
		{62AEA77C-FA79-4B3F-B5C4-987FA9639A45}.Debug|Any CPU.Build.0 = Debug|Any CPU
		{62AEA77C-FA79-4B3F-B5C4-987FA9639A45}.Release|Any CPU.ActiveCfg = Release|Any CPU
		{62AEA77C-FA79-4B3F-B5C4-987FA9639A45}.Release|Any CPU.Build.0 = Release|Any CPU
		{604BA4E3-DBF2-415E-8AC9-79D4C1ABCC58}.Debug|Any CPU.ActiveCfg = Debug|Any CPU
		{604BA4E3-DBF2-415E-8AC9-79D4C1ABCC58}.Debug|Any CPU.Build.0 = Debug|Any CPU
		{604BA4E3-DBF2-415E-8AC9-79D4C1ABCC58}.Release|Any CPU.ActiveCfg = Release|Any CPU
		{604BA4E3-DBF2-415E-8AC9-79D4C1ABCC58}.Release|Any CPU.Build.0 = Release|Any CPU
		{F3352CE8-7FF1-48DB-A432-2417E89B43A2}.Debug|Any CPU.ActiveCfg = Debug|Any CPU
		{F3352CE8-7FF1-48DB-A432-2417E89B43A2}.Debug|Any CPU.Build.0 = Debug|Any CPU
		{F3352CE8-7FF1-48DB-A432-2417E89B43A2}.Release|Any CPU.ActiveCfg = Release|Any CPU
		{F3352CE8-7FF1-48DB-A432-2417E89B43A2}.Release|Any CPU.Build.0 = Release|Any CPU
		{60E37A16-D15F-4893-B2A2-019791AE35F7}.Debug|Any CPU.ActiveCfg = Debug|Any CPU
		{60E37A16-D15F-4893-B2A2-019791AE35F7}.Debug|Any CPU.Build.0 = Debug|Any CPU
		{60E37A16-D15F-4893-B2A2-019791AE35F7}.Release|Any CPU.ActiveCfg = Release|Any CPU
		{60E37A16-D15F-4893-B2A2-019791AE35F7}.Release|Any CPU.Build.0 = Release|Any CPU
		{BBB1873E-002B-4C06-A265-45BE7E4CC771}.Debug|Any CPU.ActiveCfg = Debug|Any CPU
		{BBB1873E-002B-4C06-A265-45BE7E4CC771}.Debug|Any CPU.Build.0 = Debug|Any CPU
		{BBB1873E-002B-4C06-A265-45BE7E4CC771}.Release|Any CPU.ActiveCfg = Release|Any CPU
		{BBB1873E-002B-4C06-A265-45BE7E4CC771}.Release|Any CPU.Build.0 = Release|Any CPU
		{D072319A-254F-48C3-A330-A85CF6F387F2}.Debug|Any CPU.ActiveCfg = Debug|Any CPU
		{D072319A-254F-48C3-A330-A85CF6F387F2}.Debug|Any CPU.Build.0 = Debug|Any CPU
		{D072319A-254F-48C3-A330-A85CF6F387F2}.Release|Any CPU.ActiveCfg = Release|Any CPU
		{D072319A-254F-48C3-A330-A85CF6F387F2}.Release|Any CPU.Build.0 = Release|Any CPU
	EndGlobalSection
	GlobalSection(SolutionProperties) = preSolution
		HideSolutionNode = FALSE
	EndGlobalSection
	GlobalSection(ExtensibilityGlobals) = postSolution
		SolutionGuid = {01EC4990-708B-486B-A70F-42449FA984DE}
	EndGlobalSection
EndGlobal
